
Microsoft Visual Studio Solution File, Format Version 12.00
# Visual Studio Version 17
VisualStudioVersion = 17.1.32210.238
MinimumVisualStudioVersion = 10.0.40219.1
Project("{F184B08F-C81C-45F6-A57F-5ABD9991F28F}") = "LabCalculadora", "Lab1Gasolinera\LabCalculadora.vbproj", "{A1A0DEFF-2D61-485E-91C4-A2A1EA24E986}"
EndProject
Global
	GlobalSection(SolutionConfigurationPlatforms) = preSolution
		Debug|Any CPU = Debug|Any CPU
		Release|Any CPU = Release|Any CPU
	EndGlobalSection
	GlobalSection(ProjectConfigurationPlatforms) = postSolution
		{A1A0DEFF-2D61-485E-91C4-A2A1EA24E986}.Debug|Any CPU.ActiveCfg = Debug|Any CPU
		{A1A0DEFF-2D61-485E-91C4-A2A1EA24E986}.Debug|Any CPU.Build.0 = Debug|Any CPU
		{A1A0DEFF-2D61-485E-91C4-A2A1EA24E986}.Release|Any CPU.ActiveCfg = Release|Any CPU
		{A1A0DEFF-2D61-485E-91C4-A2A1EA24E986}.Release|Any CPU.Build.0 = Release|Any CPU
	EndGlobalSection
	GlobalSection(SolutionProperties) = preSolution
		HideSolutionNode = FALSE
	EndGlobalSection
	GlobalSection(ExtensibilityGlobals) = postSolution
		SolutionGuid = {9CD00704-0220-4BCE-8AFA-57577760483F}
	EndGlobalSection
EndGlobal
